{
  "version": 4,
  "terraform_version": "1.0.0",
  "serial": 731,
  "lineage": "38a1023f-2104-d978-e952-218934e22234",
  "outputs": {
    "endpoint_url": {
      "value": "event-driven-app.ap-southeast-2.elasticbeanstalk.com",
      "type": "string"
    }
  },
  "resources": [
    {
      "mode": "data",
      "type": "archive_file",
      "name": "docker_run",
      "provider": "provider[\"registry.terraform.io/hashicorp/archive\"]",
      "instances": [
        {
          "schema_version": 0,
          "attributes": {
            "excludes": null,
            "id": "7809e077c86adf5a7f715bace1fd9e41cb31cc46",
            "output_base64sha256": "0v2SYZWG5RCN8IdUq9gHgSBuFqQN3pTjJiQJoL2R2x0=",
            "output_file_mode": null,
            "output_md5": "43b76f76cb6489651192f7af83d95f87",
            "output_path": "./Dockerrun.aws.zip",
            "output_sha": "7809e077c86adf5a7f715bace1fd9e41cb31cc46",
            "output_size": 349,
            "source": [],
            "source_content": null,
            "source_content_filename": null,
            "source_dir": null,
            "source_file": "./Dockerrun.aws.json",
            "type": "zip"
          },
          "sensitive_attributes": []
        }
      ]
    },
    {
      "mode": "data",
      "type": "aws_caller_identity",
      "name": "current",
      "provider": "provider[\"registry.terraform.io/hashicorp/aws\"]",
      "instances": [
        {
          "schema_version": 0,
          "attributes": {
            "account_id": "933392230433",
            "arn": "arn:aws:iam::933392230433:user/Administrator",
            "id": "933392230433",
            "user_id": "AIDAJCTXF6ZWRB5653PWU"
          },
          "sensitive_attributes": []
        }
      ]
    },
    {
      "mode": "data",
      "type": "aws_ecr_authorization_token",
      "name": "token",
      "provider": "provider[\"registry.terraform.io/hashicorp/aws\"]",
      "instances": [
        {
          "schema_version": 0,
          "attributes": {
            "authorization_token": "QVdTOmV5SndZWGxzYjJGa0lqb2lORU5YZGpKSVdUVnFXa1U1VG14RGJEZGtTVWd6S3pKVlFrUldaWGRxTDFKVlRXVkVTMkk1VkRJNE5FRnZPSFF6Tm14QmFGTjZjVE5RVERKelRtcGpUalJLVDJWVVNHcDBOVVJFTTFGcFZ6ZG1ka0ozTkc5VWFraGFXRTlJVjFoV09WbzBRaXRGYW05Uk9HYzNhbFphYUVwVFlUVlhNRVI2VVUxU1VYTTRTbkpRWjBkb1NGWnhPVE5MVTFWVWRrMUdhWFZpYUdsbFJVOW5WbkVyZWxkV2FXdG9NRmhCYmtFdmFYUmtRMHhrUm1ZdlJpOVhaazFxS3pGWU5rTm5aSGhLUlRGUE5FVlBWa0ZtYldKSlNWQldUV3RKYkdaSWMwNVFORWxuSzBVd1NGVnllV0ZuVjIxVlVGUnFPRTFJV25kU1UwNVJVQzlqY0ROcUt6UlZVbkZxY0RoTFMzTnpRVXhhUTBaTVQwNHpZV2x2ZVRObGNFOUJaMFUwVlcwM2VGZHpjMHRpWkhBd05EZEpaVGRsVERGb04wWkplWEI2YjNCT09IaHdRWE5LT0ZSSU9IZG1jemxzT1RsUVlWUnBXWFo2V1RsSU1YZHdSVlJIUTJOSWJrdFJPVloyVTJKVE1qZENWVzkzWVVsSllrRXJWa3hHTm5Kbk1VaGFMMFZZU0V3cmIzcGpkREJtTlZKYU1YbGxSRmRTT1ZwQlRFOTVVREpQZFRWcVdtTmFTM2haZERsQlkwZGhhRkJITDBsck1sRm1lVlZDVjNwVVdGcGFZbUV3UldoSk5ISXpSekYxTDJaQ1VWaHFLMmhUVG1sRWNtMDBSREpxTDBwU2NraFFXbk5ZYjNaU1FsUlZMM0YwT0d4dlUxVXlVVWhrWkVKUWFreFNRamRzWjBwdU9EVjRXbVZLTTNCeVkyUXZURFo0ZUVSVlRGcGFURlpSVkZOQ1FrdGxSRVZoVnpaRFRrWjZORlZyTTBScGNuSnFibWhJZFVGRkswZEhaR2RVZGxSSVZVWlZhazVtYkU1ME1HVnhlVEkwTmxRelluUnVTRFJyUW5KcmEwUm5VbTF5TTJSTFRUVlZUVGN4U25oYVdrZGhaQzlZT1VaYVpXZENjRW8zUTB4cFRWcGtNMkZvU21aTlZHZHdOWGRMVHpsaU1VaFRXQzlCWjJoMWIxcFBZa041ZUVVeE0yZ3plRTVMT0RsWkwzTkxiREY1UlhvMlREUktTbW92U25CSUszSklXV1JHU2xCa0x6RldVVTVLVnpZcldscFVMMHBIU1ZWa09ITlphVTF5Y1RONGIzUTRVVXQ0U210WmNVRnJiREZNYlZsVWJXRjVNRlEzUlZkVlVFTjRXVGRUYnpsUkwyeEhSalp4T1ROcWRVZ3dlWE5TVWtOUUszRlBiR2t2TjAxRVRUaDBXVFIzUTJwRVdYSndOMlZPV0ZSVGMwOHJTRmRQYjFCRFdsWlBNR3N2ZUdSMk5YTnBablYyVGxWNVozWTFUblp6VkZObWFqQTVVSE4wV0VOcVFWSnRTRmh1T0dwU1pHSjJWSGxoYUdaWk1YbFZkRlF5VDJwaVVGRXZPSE5qUm10TmFITlVkbXRxUzNkT01Fd3laVlZ0VFROVlN6WjZWVnAzVjFOSFMwWlNNR2c0TTIxdFZHOTVSRFE1VDNZMU9TOXlTSFpaY25RM1pHTXhSMDgxUzBvelNTdE9PVEEyYzIxb2FWQXhNbTlZZERFd2IyeFNTVTl2YkVGclRUQnBLM1Z1U0dsNVZYSjFjWFEwV0ZWM1FtNWxSRXRhUlZBeFFuZFlTM1ZoU0hGS1lUWmtVbWhMZW5GcldXMXNZMEUxTjFWcFQzbFZXa3Q0ZURsa1p6aGhhelZWVEZJMWVGRkxORDBpTENKa1lYUmhhMlY1SWpvaVFWRkZRa0ZJYUV4NWFubzNVRXBGVUcxWlluRklOa0UyWmk5M1YwNTZlWG8xUWt0aE16ZENia0pRYzBGNWRVWXhTMUZCUVVGSU5IZG1RVmxLUzI5YVNXaDJZMDVCVVdOSGIwYzRkMkpSU1VKQlJFSnZRbWRyY1docmFVYzVkekJDUW5kRmQwaG5XVXBaU1ZwSlFWZFZSRUpCUlhWTlFrVkZSRXhuTlc1T2VtUTNSbFpxZFhaeGJYcG5TVUpGU1VFM05EQkVUVlI1WjNRcldFNXJhQzh2TURST1pWVlNRazlpVFRjeVQycEJORTB2ZURWck5tbFNRbVEzVkRSd2N6VlFORmcyY1hCbWRIQlhTbXBPUVV0c2ExYzVZWG81UlVSeFQwWnRjbFJtVVQwaUxDSjJaWEp6YVc5dUlqb2lNaUlzSW5SNWNHVWlPaUpFUVZSQlgwdEZXU0lzSW1WNGNHbHlZWFJwYjI0aU9qRTJNekl3TlRBME5ERjk=",
            "expires_at": "2021-09-19T11:20:41Z",
            "id": "ap-southeast-2",
            "password": "eyJwYXlsb2FkIjoiNENXdjJIWTVqWkU5TmxDbDdkSUgzKzJVQkRWZXdqL1JVTWVES2I5VDI4NEFvOHQzNmxBaFN6cTNQTDJzTmpjTjRKT2VUSGp0NUREM1FpVzdmdkJ3NG9UakhaWE9IV1hWOVo0QitFam9ROGc3alZaaEpTYTVXMER6UU1SUXM4SnJQZ0doSFZxOTNLU1VUdk1GaXViaGllRU9nVnEreldWaWtoMFhBbkEvaXRkQ0xkRmYvRi9XZk1qKzFYNkNnZHhKRTFPNEVPVkFmbWJJSVBWTWtJbGZIc05QNElnK0UwSFVyeWFnV21VUFRqOE1IWndSU05RUC9jcDNqKzRVUnFqcDhLS3NzQUxaQ0ZMT04zYWlveTNlcE9BZ0U0VW03eFdzc0tiZHAwNDdJZTdlTDFoN0ZJeXB6b3BOOHhwQXNKOFRIOHdmczlsOTlQYVRpWXZ6WTlIMXdwRVRHQ2NIbktROVZ2U2JTMjdCVW93YUlJYkErVkxGNnJnMUhaL0VYSEwrb3pjdDBmNVJaMXllRFdSOVpBTE95UDJPdTVqWmNaS3hZdDlBY0dhaFBHL0lrMlFmeVVCV3pUWFpaYmEwRWhJNHIzRzF1L2ZCUVhqK2hTTmlEcm00RDJqL0pSckhQWnNYb3ZSQlRVL3F0OGxvU1UyUUhkZEJQakxSQjdsZ0puODV4WmVKM3ByY2QvTDZ4eERVTFpaTFZRVFNCQktlREVhVzZDTkZ6NFVrM0RpcnJqbmhIdUFFK0dHZGdUdlRIVUZVak5mbE50MGVxeTI0NlQzYnRuSDRrQnJra0RnUm1yM2RLTTVVTTcxSnhaWkdhZC9YOUZaZWdCcEo3Q0xpTVpkM2FoSmZNVGdwNXdLTzliMUhTWC9BZ2h1b1pPYkN5eEUxM2gzeE5LODlZL3NLbDF5RXo2TDRKSmovSnBIK3JIWWRGSlBkLzFWUU5KVzYrWlpUL0pHSVVkOHNZaU1ycTN4b3Q4UUt4SmtZcUFrbDFMbVlUbWF5MFQ3RVdVUEN4WTdTbzlRL2xHRjZxOTNqdUgweXNSUkNQK3FPbGkvN01ETTh0WTR3Q2pEWXJwN2VOWFRTc08rSFdPb1BDWlZPMGsveGR2NXNpZnV2TlV5Z3Y1TnZzVFNmajA5UHN0WENqQVJtSFhuOGpSZGJ2VHlhaGZZMXlVdFQyT2piUFEvOHNjRmtNaHNUdmtqS3dOMEwyZVVtTTNVSzZ6VVp3V1NHS0ZSMGg4M21tVG95RDQ5T3Y1OS9ySHZZcnQ3ZGMxR081S0ozSStOOTA2c21oaVAxMm9YdDEwb2xSSU9vbEFrTTBpK3VuSGl5VXJ1cXQ0WFV3Qm5lREtaRVAxQndYS3VhSHFKYTZkUmhLenFrWW1sY0E1N1VpT3lVWkt4eDlkZzhhazVVTFI1eFFLND0iLCJkYXRha2V5IjoiQVFFQkFIaEx5ano3UEpFUG1ZYnFINkE2Zi93V056eXo1QkthMzdCbkJQc0F5dUYxS1FBQUFINHdmQVlKS29aSWh2Y05BUWNHb0c4d2JRSUJBREJvQmdrcWhraUc5dzBCQndFd0hnWUpZSVpJQVdVREJBRXVNQkVFRExnNW5OemQ3RlZqdXZxbXpnSUJFSUE3NDBETVR5Z3QrWE5raC8vMDROZVVSQk9iTTcyT2pBNE0veDVrNmlSQmQ3VDRwczVQNFg2cXBmdHBXSmpOQUtsa1c5YXo5RURxT0ZtclRmUT0iLCJ2ZXJzaW9uIjoiMiIsInR5cGUiOiJEQVRBX0tFWSIsImV4cGlyYXRpb24iOjE2MzIwNTA0NDF9",
            "proxy_endpoint": "https://933392230433.dkr.ecr.ap-southeast-2.amazonaws.com",
            "registry_id": null,
            "user_name": "AWS"
          },
          "sensitive_attributes": []
        }
      ]
    },
    {
      "mode": "data",
      "type": "aws_iam_policy_document",
      "name": "assume_policy",
      "provider": "provider[\"registry.terraform.io/hashicorp/aws\"]",
      "instances": [
        {
          "schema_version": 0,
          "attributes": {
            "id": "1903849331",
            "json": "{\n  \"Version\": \"2012-10-17\",\n  \"Statement\": [\n    {\n      \"Sid\": \"\",\n      \"Effect\": \"Allow\",\n      \"Action\": \"sts:AssumeRole\",\n      \"Principal\": {\n        \"Service\": \"ec2.amazonaws.com\"\n      }\n    }\n  ]\n}",
            "override_json": null,
            "override_policy_documents": null,
            "policy_id": null,
            "source_json": null,
            "source_policy_documents": null,
            "statement": [
              {
                "actions": [
                  "sts:AssumeRole"
                ],
                "condition": [],
                "effect": "Allow",
                "not_actions": [],
                "not_principals": [],
                "not_resources": [],
                "principals": [
                  {
                    "identifiers": [
                      "ec2.amazonaws.com"
                    ],
                    "type": "Service"
                  }
                ],
                "resources": [],
                "sid": ""
              }
            ],
            "version": "2012-10-17"
          },
          "sensitive_attributes": []
        }
      ]
    },
    {
      "mode": "data",
      "type": "aws_iam_policy_document",
      "name": "permission_policy",
      "provider": "provider[\"registry.terraform.io/hashicorp/aws\"]",
      "instances": [
        {
          "schema_version": 0,
          "attributes": {
            "id": "3087235730",
            "json": "{\n  \"Version\": \"2012-10-17\",\n  \"Statement\": [\n    {\n      \"Sid\": \"\",\n      \"Effect\": \"Allow\",\n      \"Action\": [\n        \"ssm:*\",\n        \"sqs:*\",\n        \"s3:*\",\n        \"ec2messages:*\",\n        \"ec2:DescribeInstanceStatus\",\n        \"cloudwatch:PutMetricData\"\n      ],\n      \"Resource\": \"*\"\n    }\n  ]\n}",
            "override_json": null,
            "override_policy_documents": null,
            "policy_id": null,
            "source_json": null,
            "source_policy_documents": null,
            "statement": [
              {
                "actions": [
                  "cloudwatch:PutMetricData",
                  "ec2:DescribeInstanceStatus",
                  "ec2messages:*",
                  "s3:*",
                  "sqs:*",
                  "ssm:*"
                ],
                "condition": [],
                "effect": "Allow",
                "not_actions": [],
                "not_principals": [],
                "not_resources": [],
                "principals": [],
                "resources": [
                  "*"
                ],
                "sid": ""
              }
            ],
            "version": "2012-10-17"
          },
          "sensitive_attributes": []
        }
      ]
    },
    {
      "mode": "managed",
      "type": "aws_ecr_repository",
      "name": "repository",
      "provider": "provider[\"registry.terraform.io/hashicorp/aws\"]",
      "instances": [
        {
          "index_key": "backend",
          "schema_version": 0,
          "attributes": {
            "arn": "arn:aws:ecr:ap-southeast-2:933392230433:repository/backend",
            "encryption_configuration": [
              {
                "encryption_type": "AES256",
                "kms_key": ""
              }
            ],
            "id": "backend",
            "image_scanning_configuration": [
              {
                "scan_on_push": false
              }
            ],
            "image_tag_mutability": "MUTABLE",
            "name": "backend",
            "registry_id": "933392230433",
            "repository_url": "933392230433.dkr.ecr.ap-southeast-2.amazonaws.com/backend",
            "tags": {
              "created_by": "terraform"
            },
            "tags_all": {
              "created_by": "terraform"
            },
            "timeouts": null
          },
          "sensitive_attributes": [],
          "private": "eyJlMmJmYjczMC1lY2FhLTExZTYtOGY4OC0zNDM2M2JjN2M0YzAiOnsiZGVsZXRlIjoxMjAwMDAwMDAwMDAwfX0="
        },
        {
          "index_key": "worker",
          "schema_version": 0,
          "attributes": {
            "arn": "arn:aws:ecr:ap-southeast-2:933392230433:repository/worker",
            "encryption_configuration": [
              {
                "encryption_type": "AES256",
                "kms_key": ""
              }
            ],
            "id": "worker",
            "image_scanning_configuration": [
              {
                "scan_on_push": false
              }
            ],
            "image_tag_mutability": "MUTABLE",
            "name": "worker",
            "registry_id": "933392230433",
            "repository_url": "933392230433.dkr.ecr.ap-southeast-2.amazonaws.com/worker",
            "tags": {
              "created_by": "terraform"
            },
            "tags_all": {
              "created_by": "terraform"
            },
            "timeouts": null
          },
          "sensitive_attributes": [],
          "private": "eyJlMmJmYjczMC1lY2FhLTExZTYtOGY4OC0zNDM2M2JjN2M0YzAiOnsiZGVsZXRlIjoxMjAwMDAwMDAwMDAwfX0="
        }
      ]
    },
    {
      "mode": "managed",
      "type": "aws_elastic_beanstalk_application",
      "name": "eb_app",
      "provider": "provider[\"registry.terraform.io/hashicorp/aws\"]",
      "instances": [
        {
          "schema_version": 0,
          "attributes": {
            "appversion_lifecycle": [],
            "arn": "arn:aws:elasticbeanstalk:ap-southeast-2:933392230433:application/event-driven-app",
            "description": "Event Driven App beanstalk deployment",
            "id": "event-driven-app",
            "name": "event-driven-app",
            "tags": {
              "created_by": "terraform"
            },
            "tags_all": {
              "created_by": "terraform"
            }
          },
          "sensitive_attributes": [],
          "private": "bnVsbA=="
        }
      ]
    },
    {
      "mode": "managed",
      "type": "aws_elastic_beanstalk_application_version",
      "name": "eb_version",
      "provider": "provider[\"registry.terraform.io/hashicorp/aws\"]",
      "instances": [
        {
          "schema_version": 0,
          "attributes": {
            "application": "event-driven-app",
            "arn": "arn:aws:elasticbeanstalk:ap-southeast-2:933392230433:applicationversion/event-driven-app/c51ce49a98cf99afb815d0f1ff227d79b10e9abfc90f7af3c7fea3defe575a1c",
            "bucket": "docker-run-bucket",
            "description": "application version created by terraform",
            "force_delete": false,
            "id": "c51ce49a98cf99afb815d0f1ff227d79b10e9abfc90f7af3c7fea3defe575a1c",
            "key": "c51ce49a98cf99afb815d0f1ff227d79b10e9abfc90f7af3c7fea3defe575a1c.zip",
            "name": "c51ce49a98cf99afb815d0f1ff227d79b10e9abfc90f7af3c7fea3defe575a1c",
            "tags": {
              "created_by": "terraform"
            },
            "tags_all": {
              "created_by": "terraform"
            }
          },
          "sensitive_attributes": [],
          "private": "bnVsbA==",
          "dependencies": [
            "aws_ecr_repository.repository",
            "aws_elastic_beanstalk_application.eb_app",
            "aws_s3_bucket.docker_run_bucket",
            "aws_s3_bucket_object.docker_run_object",
            "data.archive_file.docker_run",
            "data.aws_caller_identity.current",
            "data.aws_ecr_authorization_token.token",
            "docker_registry_image.image",
            "local_file.dockerrun"
          ]
        }
      ]
    },
    {
      "mode": "managed",
      "type": "aws_elastic_beanstalk_environment",
      "name": "eb_env",
      "provider": "provider[\"registry.terraform.io/hashicorp/aws\"]",
      "instances": [
        {
          "schema_version": 1,
          "attributes": {
            "all_settings": [
              {
                "name": "AWS_DEFAULT_REGION",
                "namespace": "aws:elasticbeanstalk:application:environment",
                "resource": "",
                "value": "ap-southeast-2"
              },
              {
                "name": "AccessLogsS3Bucket",
                "namespace": "aws:elbv2:loadbalancer",
                "resource": "",
                "value": ""
              },
              {
                "name": "AccessLogsS3Enabled",
                "namespace": "aws:elbv2:loadbalancer",
                "resource": "",
                "value": "false"
              },
              {
                "name": "AccessLogsS3Prefix",
                "namespace": "aws:elbv2:loadbalancer",
                "resource": "",
                "value": ""
              },
              {
                "name": "AppSource",
                "namespace": "aws:cloudformation:template:parameter",
                "resource": "",
                "value": "https://s3-ap-southeast-2.amazonaws.com/elasticbeanstalk-samples-ap-southeast-2/ecs-sample.zip"
              },
              {
                "name": "Application Healthcheck URL",
                "namespace": "aws:elasticbeanstalk:application",
                "resource": "",
                "value": ""
              },
              {
                "name": "AssociatePublicIpAddress",
                "namespace": "aws:ec2:vpc",
                "resource": "",
                "value": ""
              },
              {
                "name": "Automatically Terminate Unhealthy Instances",
                "namespace": "aws:elasticbeanstalk:monitoring",
                "resource": "",
                "value": "true"
              },
              {
                "name": "Availability Zones",
                "namespace": "aws:autoscaling:asg",
                "resource": "",
                "value": "Any"
              },
              {
                "name": "BROKER_TYPE",
                "namespace": "aws:elasticbeanstalk:application:environment",
                "resource": "",
                "value": "sqs"
              },
              {
                "name": "BatchSize",
                "namespace": "aws:elasticbeanstalk:command",
                "resource": "",
                "value": "100"
              },
              {
                "name": "BatchSizeType",
                "namespace": "aws:elasticbeanstalk:command",
                "resource": "",
                "value": "Percentage"
              },
              {
                "name": "BlockDeviceMappings",
                "namespace": "aws:autoscaling:launchconfiguration",
                "resource": "",
                "value": "/dev/xvdcz=:12:true:gp2"
              },
              {
                "name": "BreachDuration",
                "namespace": "aws:autoscaling:trigger",
                "resource": "",
                "value": "5"
              },
              {
                "name": "ConfigDocument",
                "namespace": "aws:elasticbeanstalk:healthreporting:system",
                "resource": "",
                "value": "{\"Version\":1,\"CloudWatchMetrics\":{\"Instance\":{\"CPUIrq\":null,\"LoadAverage5min\":null,\"ApplicationRequests5xx\":null,\"ApplicationRequests4xx\":null,\"CPUUser\":null,\"LoadAverage1min\":null,\"ApplicationLatencyP50\":null,\"CPUIdle\":null,\"InstanceHealth\":null,\"ApplicationLatencyP95\":null,\"ApplicationLatencyP85\":null,\"RootFilesystemUtil\":null,\"ApplicationLatencyP90\":null,\"CPUSystem\":null,\"ApplicationLatencyP75\":null,\"CPUSoftirq\":null,\"ApplicationLatencyP10\":null,\"ApplicationLatencyP99\":null,\"ApplicationRequestsTotal\":null,\"ApplicationLatencyP99.9\":null,\"ApplicationRequests3xx\":null,\"ApplicationRequests2xx\":null,\"CPUIowait\":null,\"CPUNice\":null},\"Environment\":{\"InstancesSevere\":null,\"InstancesDegraded\":null,\"ApplicationRequests5xx\":null,\"ApplicationRequests4xx\":null,\"ApplicationLatencyP50\":null,\"ApplicationLatencyP95\":null,\"ApplicationLatencyP85\":null,\"InstancesUnknown\":null,\"ApplicationLatencyP90\":null,\"InstancesInfo\":null,\"InstancesPending\":null,\"ApplicationLatencyP75\":null,\"ApplicationLatencyP10\":null,\"ApplicationLatencyP99\":null,\"ApplicationRequestsTotal\":null,\"InstancesNoData\":null,\"ApplicationLatencyP99.9\":null,\"ApplicationRequests3xx\":null,\"ApplicationRequests2xx\":null,\"InstancesOk\":null,\"InstancesWarning\":null}}}"
              },
              {
                "name": "Cooldown",
                "namespace": "aws:autoscaling:asg",
                "resource": "",
                "value": "360"
              },
              {
                "name": "Custom Availability Zones",
                "namespace": "aws:autoscaling:asg",
                "resource": "",
                "value": ""
              },
              {
                "name": "DefaultProcess",
                "namespace": "aws:elbv2:listener:default",
                "resource": "",
                "value": "default"
              },
              {
                "name": "DefaultSSHPort",
                "namespace": "aws:elasticbeanstalk:control",
                "resource": "",
                "value": "22"
              },
              {
                "name": "DeleteOnTerminate",
                "namespace": "aws:elasticbeanstalk:cloudwatch:logs",
                "resource": "",
                "value": "false"
              },
              {
                "name": "DeleteOnTerminate",
                "namespace": "aws:elasticbeanstalk:cloudwatch:logs:health",
                "resource": "",
                "value": "false"
              },
              {
                "name": "DeploymentPolicy",
                "namespace": "aws:elasticbeanstalk:command",
                "resource": "",
                "value": "AllAtOnce"
              },
              {
                "name": "DeregistrationDelay",
                "namespace": "aws:elasticbeanstalk:environment:process:default",
                "resource": "",
                "value": "20"
              },
              {
                "name": "EC2KeyName",
                "namespace": "aws:autoscaling:launchconfiguration",
                "resource": "",
                "value": ""
              },
              {
                "name": "ELBScheme",
                "namespace": "aws:ec2:vpc",
                "resource": "",
                "value": "internet facing"
              },
              {
                "name": "ELBSubnets",
                "namespace": "aws:ec2:vpc",
                "resource": "",
                "value": ""
              },
              {
                "name": "EnableCapacityRebalancing",
                "namespace": "aws:autoscaling:asg",
                "resource": "",
                "value": "false"
              },
              {
                "name": "EnableSpot",
                "namespace": "aws:ec2:instances",
                "resource": "",
                "value": "false"
              },
              {
                "name": "EnhancedHealthAuthEnabled",
                "namespace": "aws:elasticbeanstalk:healthreporting:system",
                "resource": "",
                "value": "false"
              },
              {
                "name": "EnvironmentType",
                "namespace": "aws:elasticbeanstalk:environment",
                "resource": "",
                "value": "LoadBalanced"
              },
              {
                "name": "EnvironmentVariables",
                "namespace": "aws:cloudformation:template:parameter",
                "resource": "",
                "value": "BROKER_TYPE=sqs,AWS_DEFAULT_REGION=ap-southeast-2,THUMBNAIL_BASE_URL=https://my-terraform-module-bucket.s3.ap-southeast-2.amazonaws.com/thumbnail,S3_BUCKET_NAME=my-terraform-module-bucket,QUEUE_NAME=celery-queue-testing"
              },
              {
                "name": "EvaluationPeriods",
                "namespace": "aws:autoscaling:trigger",
                "resource": "",
                "value": "1"
              },
              {
                "name": "EvaluationTime",
                "namespace": "aws:elasticbeanstalk:trafficsplitting",
                "resource": "",
                "value": ""
              },
              {
                "name": "ExternalExtensionsS3Bucket",
                "namespace": "aws:elasticbeanstalk:environment",
                "resource": "",
                "value": ""
              },
              {
                "name": "ExternalExtensionsS3Key",
                "namespace": "aws:elasticbeanstalk:environment",
                "resource": "",
                "value": ""
              },
              {
                "name": "HealthCheckInterval",
                "namespace": "aws:elasticbeanstalk:environment:process:default",
                "resource": "",
                "value": "15"
              },
              {
                "name": "HealthCheckPath",
                "namespace": "aws:elasticbeanstalk:environment:process:default",
                "resource": "",
                "value": "/docs"
              },
              {
                "name": "HealthCheckSuccessThreshold",
                "namespace": "aws:elasticbeanstalk:healthreporting:system",
                "resource": "",
                "value": "Ok"
              },
              {
                "name": "HealthCheckTimeout",
                "namespace": "aws:elasticbeanstalk:environment:process:default",
                "resource": "",
                "value": "5"
              },
              {
                "name": "HealthStreamingEnabled",
                "namespace": "aws:elasticbeanstalk:cloudwatch:logs:health",
                "resource": "",
                "value": "false"
              },
              {
                "name": "HealthyThresholdCount",
                "namespace": "aws:elasticbeanstalk:environment:process:default",
                "resource": "",
                "value": "3"
              },
              {
                "name": "HooksPkgUrl",
                "namespace": "aws:cloudformation:template:parameter",
                "resource": "",
                "value": "https://s3.dualstack.ap-southeast-2.amazonaws.com/elasticbeanstalk-env-resources-ap-southeast-2/stalks/eb_docker_ecs_4.2.1.202142.0_1627508337/lib/hooks.tar.gz"
              },
              {
                "name": "IamInstanceProfile",
                "namespace": "aws:autoscaling:launchconfiguration",
                "resource": "",
                "value": "event-driven-ec2-profile"
              },
              {
                "name": "IdleTimeout",
                "namespace": "aws:elbv2:loadbalancer",
                "resource": "",
                "value": ""
              },
              {
                "name": "IgnoreHealthCheck",
                "namespace": "aws:elasticbeanstalk:command",
                "resource": "",
                "value": "false"
              },
              {
                "name": "ImageId",
                "namespace": "aws:autoscaling:launchconfiguration",
                "resource": "",
                "value": "ami-072504944062e37e9"
              },
              {
                "name": "InstancePort",
                "namespace": "aws:cloudformation:template:parameter",
                "resource": "",
                "value": "80"
              },
              {
                "name": "InstanceRefreshEnabled",
                "namespace": "aws:elasticbeanstalk:managedactions:platformupdate",
                "resource": "",
                "value": "false"
              },
              {
                "name": "InstanceType",
                "namespace": "aws:autoscaling:launchconfiguration",
                "resource": "",
                "value": "t2.micro"
              },
              {
                "name": "InstanceTypeFamily",
                "namespace": "aws:cloudformation:template:parameter",
                "resource": "",
                "value": "t2"
              },
              {
                "name": "InstanceTypes",
                "namespace": "aws:ec2:instances",
                "resource": "",
                "value": "t2.micro"
              },
              {
                "name": "LaunchTimeout",
                "namespace": "aws:elasticbeanstalk:control",
                "resource": "",
                "value": "0"
              },
              {
                "name": "LaunchType",
                "namespace": "aws:elasticbeanstalk:control",
                "resource": "",
                "value": "Migration"
              },
              {
                "name": "ListenerEnabled",
                "namespace": "aws:elbv2:listener:default",
                "resource": "",
                "value": "true"
              },
              {
                "name": "LoadBalancerIsShared",
                "namespace": "aws:elasticbeanstalk:environment",
                "resource": "",
                "value": "false"
              },
              {
                "name": "LoadBalancerType",
                "namespace": "aws:elasticbeanstalk:environment",
                "resource": "",
                "value": "application"
              },
              {
                "name": "LogPublicationControl",
                "namespace": "aws:elasticbeanstalk:hostmanager",
                "resource": "",
                "value": "false"
              },
              {
                "name": "LowerBreachScaleIncrement",
                "namespace": "aws:autoscaling:trigger",
                "resource": "",
                "value": "-1"
              },
              {
                "name": "LowerThreshold",
                "namespace": "aws:autoscaling:trigger",
                "resource": "",
                "value": "2000000"
              },
              {
                "name": "ManagedActionsEnabled",
                "namespace": "aws:elasticbeanstalk:managedactions",
                "resource": "",
                "value": "false"
              },
              {
                "name": "MatcherHTTPCode",
                "namespace": "aws:elasticbeanstalk:environment:process:default",
                "resource": "",
                "value": "200"
              },
              {
                "name": "MaxBatchSize",
                "namespace": "aws:autoscaling:updatepolicy:rollingupdate",
                "resource": "",
                "value": ""
              },
              {
                "name": "MaxSize",
                "namespace": "aws:autoscaling:asg",
                "resource": "",
                "value": "2"
              },
              {
                "name": "MeasureName",
                "namespace": "aws:autoscaling:trigger",
                "resource": "",
                "value": "NetworkOut"
              },
              {
                "name": "MinInstancesInService",
                "namespace": "aws:autoscaling:updatepolicy:rollingupdate",
                "resource": "",
                "value": ""
              },
              {
                "name": "MinSize",
                "namespace": "aws:autoscaling:asg",
                "resource": "",
                "value": "1"
              },
              {
                "name": "MonitoringInterval",
                "namespace": "aws:autoscaling:launchconfiguration",
                "resource": "",
                "value": "5 minute"
              },
              {
                "name": "NewVersionPercent",
                "namespace": "aws:elasticbeanstalk:trafficsplitting",
                "resource": "",
                "value": ""
              },
              {
                "name": "Notification Endpoint",
                "namespace": "aws:elasticbeanstalk:sns:topics",
                "resource": "",
                "value": ""
              },
              {
                "name": "Notification Protocol",
                "namespace": "aws:elasticbeanstalk:sns:topics",
                "resource": "",
                "value": "email"
              },
              {
                "name": "Notification Topic ARN",
                "namespace": "aws:elasticbeanstalk:sns:topics",
                "resource": "",
                "value": ""
              },
              {
                "name": "Notification Topic Name",
                "namespace": "aws:elasticbeanstalk:sns:topics",
                "resource": "",
                "value": ""
              },
              {
                "name": "PauseTime",
                "namespace": "aws:autoscaling:updatepolicy:rollingupdate",
                "resource": "",
                "value": ""
              },
              {
                "name": "Period",
                "namespace": "aws:autoscaling:trigger",
                "resource": "",
                "value": "5"
              },
              {
                "name": "Port",
                "namespace": "aws:elasticbeanstalk:environment:process:default",
                "resource": "",
                "value": "80"
              },
              {
                "name": "PreferredStartTime",
                "namespace": "aws:elasticbeanstalk:managedactions",
                "resource": "",
                "value": ""
              },
              {
                "name": "Protocol",
                "namespace": "aws:elasticbeanstalk:environment:process:default",
                "resource": "",
                "value": "HTTP"
              },
              {
                "name": "Protocol",
                "namespace": "aws:elbv2:listener:default",
                "resource": "",
                "value": "HTTP"
              },
              {
                "name": "QUEUE_NAME",
                "namespace": "aws:elasticbeanstalk:application:environment",
                "resource": "",
                "value": "celery-queue-testing"
              },
              {
                "name": "RetentionInDays",
                "namespace": "aws:elasticbeanstalk:cloudwatch:logs",
                "resource": "",
                "value": "7"
              },
              {
                "name": "RetentionInDays",
                "namespace": "aws:elasticbeanstalk:cloudwatch:logs:health",
                "resource": "",
                "value": "7"
              },
              {
                "name": "RollbackLaunchOnFailure",
                "namespace": "aws:elasticbeanstalk:control",
                "resource": "",
                "value": "false"
              },
              {
                "name": "RollingUpdateEnabled",
                "namespace": "aws:autoscaling:updatepolicy:rollingupdate",
                "resource": "",
                "value": "false"
              },
              {
                "name": "RollingUpdateType",
                "namespace": "aws:autoscaling:updatepolicy:rollingupdate",
                "resource": "",
                "value": "Time"
              },
              {
                "name": "RootVolumeIOPS",
                "namespace": "aws:autoscaling:launchconfiguration",
                "resource": "",
                "value": ""
              },
              {
                "name": "RootVolumeSize",
                "namespace": "aws:autoscaling:launchconfiguration",
                "resource": "",
                "value": ""
              },
              {
                "name": "RootVolumeThroughput",
                "namespace": "aws:autoscaling:launchconfiguration",
                "resource": "",
                "value": ""
              },
              {
                "name": "RootVolumeType",
                "namespace": "aws:autoscaling:launchconfiguration",
                "resource": "",
                "value": ""
              },
              {
                "name": "Rules",
                "namespace": "aws:elbv2:listener:default",
                "resource": "",
                "value": ""
              },
              {
                "name": "S3_BUCKET_NAME",
                "namespace": "aws:elasticbeanstalk:application:environment",
                "resource": "",
                "value": "my-terraform-module-bucket"
              },
              {
                "name": "SSHSourceRestriction",
                "namespace": "aws:autoscaling:launchconfiguration",
                "resource": "",
                "value": "tcp,22,22,0.0.0.0/0"
              },
              {
                "name": "SSLCertificateArns",
                "namespace": "aws:elbv2:listener:default",
                "resource": "",
                "value": ""
              },
              {
                "name": "SSLPolicy",
                "namespace": "aws:elbv2:listener:default",
                "resource": "",
                "value": ""
              },
              {
                "name": "SecurityGroups",
                "namespace": "aws:autoscaling:launchconfiguration",
                "resource": "",
                "value": ""
              },
              {
                "name": "SecurityGroups",
                "namespace": "aws:elbv2:loadbalancer",
                "resource": "",
                "value": "sg-0ad96491bcba9ce16"
              },
              {
                "name": "ServiceRole",
                "namespace": "aws:elasticbeanstalk:environment",
                "resource": "",
                "value": "AWSServiceRoleForElasticBeanstalk"
              },
              {
                "name": "ServiceRoleForManagedUpdates",
                "namespace": "aws:elasticbeanstalk:managedactions",
                "resource": "",
                "value": ""
              },
              {
                "name": "SpotFleetOnDemandAboveBasePercentage",
                "namespace": "aws:ec2:instances",
                "resource": "",
                "value": "70"
              },
              {
                "name": "SpotFleetOnDemandBase",
                "namespace": "aws:ec2:instances",
                "resource": "",
                "value": "0"
              },
              {
                "name": "SpotMaxPrice",
                "namespace": "aws:ec2:instances",
                "resource": "",
                "value": ""
              },
              {
                "name": "Statistic",
                "namespace": "aws:autoscaling:trigger",
                "resource": "",
                "value": "Average"
              },
              {
                "name": "StickinessEnabled",
                "namespace": "aws:elasticbeanstalk:environment:process:default",
                "resource": "",
                "value": "false"
              },
              {
                "name": "StickinessLBCookieDuration",
                "namespace": "aws:elasticbeanstalk:environment:process:default",
                "resource": "",
                "value": "86400"
              },
              {
                "name": "StickinessType",
                "namespace": "aws:elasticbeanstalk:environment:process:default",
                "resource": "",
                "value": "lb_cookie"
              },
              {
                "name": "StreamLogs",
                "namespace": "aws:elasticbeanstalk:cloudwatch:logs",
                "resource": "",
                "value": "false"
              },
              {
                "name": "Subnets",
                "namespace": "aws:ec2:vpc",
                "resource": "",
                "value": ""
              },
              {
                "name": "SystemType",
                "namespace": "aws:elasticbeanstalk:healthreporting:system",
                "resource": "",
                "value": "basic"
              },
              {
                "name": "THUMBNAIL_BASE_URL",
                "namespace": "aws:elasticbeanstalk:application:environment",
                "resource": "",
                "value": "https://my-terraform-module-bucket.s3.ap-southeast-2.amazonaws.com/thumbnail"
              },
              {
                "name": "Timeout",
                "namespace": "aws:autoscaling:updatepolicy:rollingupdate",
                "resource": "",
                "value": "PT30M"
              },
              {
                "name": "Timeout",
                "namespace": "aws:elasticbeanstalk:command",
                "resource": "",
                "value": "600"
              },
              {
                "name": "UnhealthyThresholdCount",
                "namespace": "aws:elasticbeanstalk:environment:process:default",
                "resource": "",
                "value": "5"
              },
              {
                "name": "Unit",
                "namespace": "aws:autoscaling:trigger",
                "resource": "",
                "value": "Bytes"
              },
              {
                "name": "UpdateLevel",
                "namespace": "aws:elasticbeanstalk:managedactions:platformupdate",
                "resource": "",
                "value": ""
              },
              {
                "name": "UpperBreachScaleIncrement",
                "namespace": "aws:autoscaling:trigger",
                "resource": "",
                "value": "1"
              },
              {
                "name": "UpperThreshold",
                "namespace": "aws:autoscaling:trigger",
                "resource": "",
                "value": "6000000"
              },
              {
                "name": "VPCId",
                "namespace": "aws:ec2:vpc",
                "resource": "",
                "value": ""
              }
            ],
            "application": "event-driven-app",
            "arn": "arn:aws:elasticbeanstalk:ap-southeast-2:933392230433:environment/event-driven-app/event-driven-env",
            "autoscaling_groups": [
              "awseb-e-5jp63jr9up-stack-AWSEBAutoScalingGroup-1K4EZHA7KUDIJ"
            ],
            "cname": "event-driven-app.ap-southeast-2.elasticbeanstalk.com",
            "cname_prefix": "event-driven-app",
            "description": "",
            "endpoint_url": "awseb-AWSEB-10W6UWW1QKRRB-80220134.ap-southeast-2.elb.amazonaws.com",
            "id": "e-5jp63jr9up",
            "instances": [
              "i-08bab95b3854c7be4"
            ],
            "launch_configurations": [
              "awseb-e-5jp63jr9up-stack-AWSEBAutoScalingLaunchConfiguration-NVP20SK2MPLW"
            ],
            "load_balancers": [
              "arn:aws:elasticloadbalancing:ap-southeast-2:933392230433:loadbalancer/app/awseb-AWSEB-10W6UWW1QKRRB/afbb086aa945ddde"
            ],
            "name": "event-driven-env",
            "platform_arn": "arn:aws:elasticbeanstalk:ap-southeast-2::platform/Multi-container Docker running on 64bit Amazon Linux/2.26.4",
            "poll_interval": null,
            "queues": [],
            "setting": [
              {
                "name": "AWS_DEFAULT_REGION",
                "namespace": "aws:elasticbeanstalk:application:environment",
                "resource": "",
                "value": "ap-southeast-2"
              },
              {
                "name": "BROKER_TYPE",
                "namespace": "aws:elasticbeanstalk:application:environment",
                "resource": "",
                "value": "sqs"
              },
              {
                "name": "ELBScheme",
                "namespace": "aws:ec2:vpc",
                "resource": "",
                "value": "internet facing"
              },
              {
                "name": "HealthCheckPath",
                "namespace": "aws:elasticbeanstalk:environment:process:default",
                "resource": "",
                "value": "/docs"
              },
              {
                "name": "IamInstanceProfile",
                "namespace": "aws:autoscaling:launchconfiguration",
                "resource": "",
                "value": "event-driven-ec2-profile"
              },
              {
                "name": "InstanceType",
                "namespace": "aws:autoscaling:launchconfiguration",
                "resource": "",
                "value": "t2.micro"
              },
              {
                "name": "LoadBalancerType",
                "namespace": "aws:elasticbeanstalk:environment",
                "resource": "",
                "value": "application"
              },
              {
                "name": "MatcherHTTPCode",
                "namespace": "aws:elasticbeanstalk:environment:process:default",
                "resource": "",
                "value": "200"
              },
              {
                "name": "MaxSize",
                "namespace": "aws:autoscaling:asg",
                "resource": "",
                "value": "2"
              },
              {
                "name": "QUEUE_NAME",
                "namespace": "aws:elasticbeanstalk:application:environment",
                "resource": "",
                "value": "celery-queue-testing"
              },
              {
                "name": "S3_BUCKET_NAME",
                "namespace": "aws:elasticbeanstalk:application:environment",
                "resource": "",
                "value": "my-terraform-module-bucket"
              },
              {
                "name": "THUMBNAIL_BASE_URL",
                "namespace": "aws:elasticbeanstalk:application:environment",
                "resource": "",
                "value": "https://my-terraform-module-bucket.s3.ap-southeast-2.amazonaws.com/thumbnail"
              }
            ],
            "solution_stack_name": "64bit Amazon Linux 2018.03 v2.26.4 running Multi-container Docker 19.03.13-ce (Generic)",
            "tags": {
              "created_by": "terraform"
            },
            "tags_all": {
              "created_by": "terraform"
            },
            "template_name": null,
            "tier": "WebServer",
            "triggers": [],
            "version_label": "c51ce49a98cf99afb815d0f1ff227d79b10e9abfc90f7af3c7fea3defe575a1c",
            "wait_for_ready_timeout": "20m"
          },
          "sensitive_attributes": [],
          "private": "eyJzY2hlbWFfdmVyc2lvbiI6IjEifQ==",
          "dependencies": [
            "aws_ecr_repository.repository",
            "aws_elastic_beanstalk_application.eb_app",
            "aws_elastic_beanstalk_application_version.eb_version",
            "aws_iam_instance_profile.ec2_eb_profile",
            "aws_iam_role.ec2_role",
            "aws_s3_bucket.docker_run_bucket",
            "aws_s3_bucket_object.docker_run_object",
            "data.archive_file.docker_run",
            "data.aws_caller_identity.current",
            "data.aws_ecr_authorization_token.token",
            "data.aws_iam_policy_document.assume_policy",
            "data.aws_iam_policy_document.permission_policy",
            "docker_registry_image.image",
            "local_file.dockerrun"
          ]
        }
      ]
    },
    {
      "mode": "managed",
      "type": "aws_iam_instance_profile",
      "name": "ec2_eb_profile",
      "provider": "provider[\"registry.terraform.io/hashicorp/aws\"]",
      "instances": [
        {
          "schema_version": 0,
          "attributes": {
            "arn": "arn:aws:iam::933392230433:instance-profile/event-driven-ec2-profile",
            "create_date": "2021-09-18T23:21:00Z",
            "id": "event-driven-ec2-profile",
            "name": "event-driven-ec2-profile",
            "name_prefix": null,
            "path": "/",
            "role": "event-driven-ec2-role",
            "tags": {
              "created_by": "terraform"
            },
            "tags_all": {
              "created_by": "terraform"
            },
            "unique_id": "AIPA5SUUDFAQRHYQPHMBQ"
          },
          "sensitive_attributes": [],
          "private": "bnVsbA==",
          "dependencies": [
            "aws_iam_role.ec2_role",
            "data.aws_iam_policy_document.assume_policy",
            "data.aws_iam_policy_document.permission_policy"
          ]
        }
      ]
    },
    {
      "mode": "managed",
      "type": "aws_iam_role",
      "name": "ec2_role",
      "provider": "provider[\"registry.terraform.io/hashicorp/aws\"]",
      "instances": [
        {
          "schema_version": 0,
          "attributes": {
            "arn": "arn:aws:iam::933392230433:role/event-driven-ec2-role",
            "assume_role_policy": "{\"Version\":\"2012-10-17\",\"Statement\":[{\"Sid\":\"\",\"Effect\":\"Allow\",\"Principal\":{\"Service\":\"ec2.amazonaws.com\"},\"Action\":\"sts:AssumeRole\"}]}",
            "create_date": "2021-09-18T23:20:47Z",
            "description": "",
            "force_detach_policies": false,
            "id": "event-driven-ec2-role",
            "inline_policy": [
              {
                "name": "eb-application-permissions",
                "policy": "{\n  \"Version\": \"2012-10-17\",\n  \"Statement\": [\n    {\n      \"Sid\": \"\",\n      \"Effect\": \"Allow\",\n      \"Action\": [\n        \"ssm:*\",\n        \"sqs:*\",\n        \"s3:*\",\n        \"ec2messages:*\",\n        \"ec2:DescribeInstanceStatus\",\n        \"cloudwatch:PutMetricData\"\n      ],\n      \"Resource\": \"*\"\n    }\n  ]\n}"
              }
            ],
            "managed_policy_arns": [
              "arn:aws:iam::aws:policy/AWSElasticBeanstalkMulticontainerDocker",
              "arn:aws:iam::aws:policy/AWSElasticBeanstalkWebTier",
              "arn:aws:iam::aws:policy/AWSElasticBeanstalkWorkerTier",
              "arn:aws:iam::aws:policy/EC2InstanceProfileForImageBuilderECRContainerBuilds",
              "arn:aws:iam::aws:policy/service-role/AmazonEC2RoleforSSM"
            ],
            "max_session_duration": 3600,
            "name": "event-driven-ec2-role",
            "name_prefix": null,
            "path": "/",
            "permissions_boundary": null,
            "tags": {
              "created_by": "terraform"
            },
            "tags_all": {
              "created_by": "terraform"
            },
            "unique_id": "AROA5SUUDFAQ4XBEYUO6W"
          },
          "sensitive_attributes": [],
          "private": "bnVsbA==",
          "dependencies": [
            "data.aws_iam_policy_document.assume_policy",
            "data.aws_iam_policy_document.permission_policy"
          ]
        }
      ]
    },
    {
      "mode": "managed",
      "type": "aws_s3_bucket",
      "name": "docker_run_bucket",
      "provider": "provider[\"registry.terraform.io/hashicorp/aws\"]",
      "instances": [
        {
          "schema_version": 0,
          "attributes": {
            "acceleration_status": "",
            "acl": "private",
            "arn": "arn:aws:s3:::docker-run-bucket",
            "bucket": "docker-run-bucket",
            "bucket_domain_name": "docker-run-bucket.s3.amazonaws.com",
            "bucket_prefix": null,
            "bucket_regional_domain_name": "docker-run-bucket.s3.ap-southeast-2.amazonaws.com",
            "cors_rule": [],
            "force_destroy": false,
            "grant": [],
            "hosted_zone_id": "Z1WCIGYICN2BYD",
            "id": "docker-run-bucket",
            "lifecycle_rule": [],
            "logging": [],
            "object_lock_configuration": [],
            "policy": null,
            "region": "ap-southeast-2",
            "replication_configuration": [],
            "request_payer": "BucketOwner",
            "server_side_encryption_configuration": [
              {
                "rule": [
                  {
                    "apply_server_side_encryption_by_default": [
                      {
                        "kms_master_key_id": "",
                        "sse_algorithm": "AES256"
                      }
                    ],
                    "bucket_key_enabled": false
                  }
                ]
              }
            ],
            "tags": {
              "created_by": "terraform"
            },
            "tags_all": {
              "created_by": "terraform"
            },
            "versioning": [
              {
                "enabled": false,
                "mfa_delete": false
              }
            ],
            "website": [],
            "website_domain": null,
            "website_endpoint": null
          },
          "sensitive_attributes": [],
          "private": "bnVsbA=="
        }
      ]
    },
    {
      "mode": "managed",
      "type": "aws_s3_bucket_object",
      "name": "docker_run_object",
      "provider": "provider[\"registry.terraform.io/hashicorp/aws\"]",
      "instances": [
        {
          "schema_version": 0,
          "attributes": {
            "acl": "private",
            "bucket": "docker-run-bucket",
            "bucket_key_enabled": false,
            "cache_control": "",
            "content": null,
            "content_base64": null,
            "content_disposition": "",
            "content_encoding": "",
            "content_language": "",
            "content_type": "binary/octet-stream",
            "etag": "43b76f76cb6489651192f7af83d95f87",
            "force_destroy": false,
            "id": "c51ce49a98cf99afb815d0f1ff227d79b10e9abfc90f7af3c7fea3defe575a1c.zip",
            "key": "c51ce49a98cf99afb815d0f1ff227d79b10e9abfc90f7af3c7fea3defe575a1c.zip",
            "kms_key_id": null,
            "metadata": null,
            "object_lock_legal_hold_status": "",
            "object_lock_mode": "",
            "object_lock_retain_until_date": "",
            "server_side_encryption": "AES256",
            "source": "./Dockerrun.aws.zip",
            "source_hash": null,
            "storage_class": "STANDARD",
            "tags": {
              "created_by": "terraform"
            },
            "tags_all": {
              "created_by": "terraform"
            },
            "version_id": "",
            "website_redirect": ""
          },
          "sensitive_attributes": [],
          "private": "bnVsbA==",
          "dependencies": [
            "aws_ecr_repository.repository",
            "aws_s3_bucket.docker_run_bucket",
            "data.archive_file.docker_run",
            "data.aws_caller_identity.current",
            "data.aws_ecr_authorization_token.token",
            "docker_registry_image.image",
            "local_file.dockerrun"
          ]
        }
      ]
    },
    {
      "mode": "managed",
      "type": "aws_s3_bucket_public_access_block",
      "name": "public_block",
      "provider": "provider[\"registry.terraform.io/hashicorp/aws\"]",
      "instances": [
        {
          "schema_version": 0,
          "attributes": {
            "block_public_acls": true,
            "block_public_policy": true,
            "bucket": "docker-run-bucket",
            "id": "docker-run-bucket",
            "ignore_public_acls": true,
            "restrict_public_buckets": true
          },
          "sensitive_attributes": [],
          "private": "bnVsbA==",
          "dependencies": [
            "aws_s3_bucket.docker_run_bucket"
          ]
        }
      ]
    },
    {
      "mode": "managed",
      "type": "docker_registry_image",
      "name": "image",
      "provider": "provider[\"registry.terraform.io/kreuzwerker/docker\"]",
      "instances": [
        {
          "index_key": "backend",
          "schema_version": 0,
          "attributes": {
            "build": [
              {
                "auth_config": [],
                "build_args": null,
                "build_id": "",
                "cache_from": null,
                "cgroup_parent": "",
                "context": "../../application",
                "cpu_period": 0,
                "cpu_quota": 0,
                "cpu_set_cpus": "",
                "cpu_set_mems": "",
                "cpu_shares": 0,
                "dockerfile": "backend.Dockerfile",
                "extra_hosts": null,
                "force_remove": false,
                "isolation": "",
                "labels": null,
                "memory": 0,
                "memory_swap": 0,
                "network_mode": "",
                "no_cache": false,
                "platform": "",
                "pull_parent": false,
                "remote_context": "",
                "remove": false,
                "security_opt": null,
                "session_id": "",
                "shm_size": 0,
                "squash": false,
                "suppress_output": false,
                "target": "",
                "ulimit": [],
                "version": ""
              }
            ],
            "id": "sha256:110737d9214cfc923292089aa99c933561f1ab64276821a5a3db9496810c8b35",
            "insecure_skip_verify": false,
            "keep_remotely": false,
            "name": "933392230433.dkr.ecr.ap-southeast-2.amazonaws.com/backend:latest",
            "sha256_digest": "sha256:110737d9214cfc923292089aa99c933561f1ab64276821a5a3db9496810c8b35"
          },
          "sensitive_attributes": [],
          "private": "bnVsbA==",
          "dependencies": [
            "aws_ecr_repository.repository",
            "data.aws_caller_identity.current",
            "data.aws_ecr_authorization_token.token"
          ]
        },
        {
          "index_key": "worker",
          "schema_version": 0,
          "attributes": {
            "build": [
              {
                "auth_config": [],
                "build_args": null,
                "build_id": "",
                "cache_from": null,
                "cgroup_parent": "",
                "context": "../../application",
                "cpu_period": 0,
                "cpu_quota": 0,
                "cpu_set_cpus": "",
                "cpu_set_mems": "",
                "cpu_shares": 0,
                "dockerfile": "worker.Dockerfile",
                "extra_hosts": null,
                "force_remove": false,
                "isolation": "",
                "labels": null,
                "memory": 0,
                "memory_swap": 0,
                "network_mode": "",
                "no_cache": false,
                "platform": "",
                "pull_parent": false,
                "remote_context": "",
                "remove": false,
                "security_opt": null,
                "session_id": "",
                "shm_size": 0,
                "squash": false,
                "suppress_output": false,
                "target": "",
                "ulimit": [],
                "version": ""
              }
            ],
            "id": "sha256:b45bb7368786974bf0023fe4eae0793ff9e67b7447ad5bebd94f146c5bb9d38b",
            "insecure_skip_verify": false,
            "keep_remotely": false,
            "name": "933392230433.dkr.ecr.ap-southeast-2.amazonaws.com/worker:latest",
            "sha256_digest": "sha256:b45bb7368786974bf0023fe4eae0793ff9e67b7447ad5bebd94f146c5bb9d38b"
          },
          "sensitive_attributes": [],
          "private": "bnVsbA==",
          "dependencies": [
            "aws_ecr_repository.repository",
            "data.aws_caller_identity.current",
            "data.aws_ecr_authorization_token.token"
          ]
        }
      ]
    },
    {
      "mode": "managed",
      "type": "local_file",
      "name": "dockerrun",
      "provider": "provider[\"registry.terraform.io/hashicorp/local\"]",
      "instances": [
        {
          "schema_version": 0,
          "attributes": {
            "content": "{\"AWSEBDockerrunVersion\":2,\"containerDefinitions\":[{\"essential\":true,\"image\":\"933392230433.dkr.ecr.ap-southeast-2.amazonaws.com/backend:latest\",\"memory\":128,\"name\":\"backend\",\"portMappings\":[{\"containerPort\":8080,\"hostPort\":80}]},{\"essential\":true,\"image\":\"933392230433.dkr.ecr.ap-southeast-2.amazonaws.com/worker:latest\",\"memory\":128,\"name\":\"worker\"}]}",
            "content_base64": null,
            "directory_permission": "0777",
            "file_permission": "0777",
            "filename": "./Dockerrun.aws.json",
            "id": "3e62aed34662c174ec973c9a83d0dcea97a0769c",
            "sensitive_content": null,
            "source": null
          },
          "sensitive_attributes": [],
          "private": "bnVsbA==",
          "dependencies": [
            "aws_ecr_repository.repository",
            "data.aws_caller_identity.current",
            "data.aws_ecr_authorization_token.token",
            "docker_registry_image.image"
          ]
        }
      ]
    }
  ]
}
